
Microsoft Visual Studio Solution File, Format Version 12.00
# Visual Studio Version 17
VisualStudioVersion = 17.3.32929.385
MinimumVisualStudioVersion = 10.0.40219.1
Project("{FAE04EC0-301F-11D3-BF4B-00C04F79EFBC}") = "Operatorler", "Operatorler.csproj", "{4449F515-2005-42D2-B4B0-3248EEA69C73}"
EndProject
Global
	GlobalSection(SolutionConfigurationPlatforms) = preSolution
		Debug|Any CPU = Debug|Any CPU
		Release|Any CPU = Release|Any CPU
	EndGlobalSection
	GlobalSection(ProjectConfigurationPlatforms) = postSolution
		{4449F515-2005-42D2-B4B0-3248EEA69C73}.Debug|Any CPU.ActiveCfg = Debug|Any CPU
		{4449F515-2005-42D2-B4B0-3248EEA69C73}.Debug|Any CPU.Build.0 = Debug|Any CPU
		{4449F515-2005-42D2-B4B0-3248EEA69C73}.Release|Any CPU.ActiveCfg = Release|Any CPU
		{4449F515-2005-42D2-B4B0-3248EEA69C73}.Release|Any CPU.Build.0 = Release|Any CPU
	EndGlobalSection
	GlobalSection(SolutionProperties) = preSolution
		HideSolutionNode = FALSE
	EndGlobalSection
	GlobalSection(ExtensibilityGlobals) = postSolution
		SolutionGuid = {8E7A3219-2B63-412B-83CE-D6B788765D40}
	EndGlobalSection
EndGlobal
